
Microsoft Visual Studio Solution File, Format Version 12.00
# Visual Studio Version 16
VisualStudioVersion = 16.0.30011.22
MinimumVisualStudioVersion = 10.0.40219.1
Project("{FAE04EC0-301F-11D3-BF4B-00C04F79EFBC}") = "SearchListLib", "SearchListLib\SearchListLib.csproj", "{01BC3CBF-6437-4AB8-BB16-62C72C8E2788}"
EndProject
Project("{FAE04EC0-301F-11D3-BF4B-00C04F79EFBC}") = "SearchListTester", "SearchListTester\SearchListTester.csproj", "{0E7A550A-A01D-4DA7-B5AC-A48A1F0A6EAF}"
EndProject
Global
	GlobalSection(SolutionConfigurationPlatforms) = preSolution
		Debug|Any CPU = Debug|Any CPU
		Release|Any CPU = Release|Any CPU
	EndGlobalSection
	GlobalSection(ProjectConfigurationPlatforms) = postSolution
		{01BC3CBF-6437-4AB8-BB16-62C72C8E2788}.Debug|Any CPU.ActiveCfg = Debug|Any CPU
		{01BC3CBF-6437-4AB8-BB16-62C72C8E2788}.Debug|Any CPU.Build.0 = Debug|Any CPU
		{01BC3CBF-6437-4AB8-BB16-62C72C8E2788}.Release|Any CPU.ActiveCfg = Release|Any CPU
		{01BC3CBF-6437-4AB8-BB16-62C72C8E2788}.Release|Any CPU.Build.0 = Release|Any CPU
		{0E7A550A-A01D-4DA7-B5AC-A48A1F0A6EAF}.Debug|Any CPU.ActiveCfg = Debug|Any CPU
		{0E7A550A-A01D-4DA7-B5AC-A48A1F0A6EAF}.Debug|Any CPU.Build.0 = Debug|Any CPU
		{0E7A550A-A01D-4DA7-B5AC-A48A1F0A6EAF}.Release|Any CPU.ActiveCfg = Release|Any CPU
		{0E7A550A-A01D-4DA7-B5AC-A48A1F0A6EAF}.Release|Any CPU.Build.0 = Release|Any CPU
	EndGlobalSection
	GlobalSection(SolutionProperties) = preSolution
		HideSolutionNode = FALSE
	EndGlobalSection
	GlobalSection(ExtensibilityGlobals) = postSolution
		SolutionGuid = {22E810FB-4033-4541-880E-D77B4B7D42EE}
	EndGlobalSection
EndGlobal
